
Microsoft Visual Studio Solution File, Format Version 12.00
# Visual Studio Version 17
VisualStudioVersion = 17.10.34916.146
MinimumVisualStudioVersion = 10.0.40219.1
Project("{FAE04EC0-301F-11D3-BF4B-00C04F79EFBC}") = "TestPostgres", "TestPostgres\TestPostgres.csproj", "{7D95D0F1-FA6D-4B60-BA99-6679FB8F56BD}"
EndProject
Global
	GlobalSection(SolutionConfigurationPlatforms) = preSolution
		Debug|Any CPU = Debug|Any CPU
		Release|Any CPU = Release|Any CPU
	EndGlobalSection
	GlobalSection(ProjectConfigurationPlatforms) = postSolution
		{7D95D0F1-FA6D-4B60-BA99-6679FB8F56BD}.Debug|Any CPU.ActiveCfg = Debug|Any CPU
		{7D95D0F1-FA6D-4B60-BA99-6679FB8F56BD}.Debug|Any CPU.Build.0 = Debug|Any CPU
		{7D95D0F1-FA6D-4B60-BA99-6679FB8F56BD}.Release|Any CPU.ActiveCfg = Release|Any CPU
		{7D95D0F1-FA6D-4B60-BA99-6679FB8F56BD}.Release|Any CPU.Build.0 = Release|Any CPU
	EndGlobalSection
	GlobalSection(SolutionProperties) = preSolution
		HideSolutionNode = FALSE
	EndGlobalSection
	GlobalSection(ExtensibilityGlobals) = postSolution
		SolutionGuid = {123324F2-ED7C-4F9A-B5FD-D3992C21FCC8}
	EndGlobalSection
EndGlobal
